
Microsoft Visual Studio Solution File, Format Version 12.00
# Visual Studio Version 17
VisualStudioVersion = 17.5.002.0
MinimumVisualStudioVersion = 10.0.40219.1
Project("{9A19103F-16F7-4668-BE54-9A1E7A4F7556}") = "DesafioFundamentos", "DesafioFundamentos.csproj", "{B2D80401-1867-4BC3-853D-4BDE3428A120}"
EndProject
Global
	GlobalSection(SolutionConfigurationPlatforms) = preSolution
		Debug|Any CPU = Debug|Any CPU
		Release|Any CPU = Release|Any CPU
	EndGlobalSection
	GlobalSection(ProjectConfigurationPlatforms) = postSolution
		{B2D80401-1867-4BC3-853D-4BDE3428A120}.Debug|Any CPU.ActiveCfg = Debug|Any CPU
		{B2D80401-1867-4BC3-853D-4BDE3428A120}.Debug|Any CPU.Build.0 = Debug|Any CPU
		{B2D80401-1867-4BC3-853D-4BDE3428A120}.Release|Any CPU.ActiveCfg = Release|Any CPU
		{B2D80401-1867-4BC3-853D-4BDE3428A120}.Release|Any CPU.Build.0 = Release|Any CPU
	EndGlobalSection
	GlobalSection(SolutionProperties) = preSolution
		HideSolutionNode = FALSE
	EndGlobalSection
	GlobalSection(ExtensibilityGlobals) = postSolution
		SolutionGuid = {6D54AEF3-BEAF-4FBA-88CB-B94128065715}
	EndGlobalSection
EndGlobal
